// !$*UTF8*$!
{
	archiveVersion = 1;
	classes = {
	};
	objectVersion = 46;
	objects = {

/* Begin PBXBuildFile section */
		244D66131F12FE0800BCB315 /* main.m in Sources */ = {isa = PBXBuildFile; fileRef = 244D66121F12FE0800BCB315 /* main.m */; };
		244D66161F12FE0800BCB315 /* AppDelegate.m in Sources */ = {isa = PBXBuildFile; fileRef = 244D66151F12FE0800BCB315 /* AppDelegate.m */; };
		244D66191F12FE0800BCB315 /* ViewController.m in Sources */ = {isa = PBXBuildFile; fileRef = 244D66181F12FE0800BCB315 /* ViewController.m */; };
		244D661C1F12FE0800BCB315 /* Main.storyboard in Resources */ = {isa = PBXBuildFile; fileRef = 244D661A1F12FE0800BCB315 /* Main.storyboard */; };
		244D661E1F12FE0800BCB315 /* Assets.xcassets in Resources */ = {isa = PBXBuildFile; fileRef = 244D661D1F12FE0800BCB315 /* Assets.xcassets */; };
		244D66211F12FE0800BCB315 /* LaunchScreen.storyboard in Resources */ = {isa = PBXBuildFile; fileRef = 244D661F1F12FE0800BCB315 /* LaunchScreen.storyboard */; };
		244D662A1F12FE6C00BCB315 /* CsoundVirtualKeyboard.m in Sources */ = {isa = PBXBuildFile; fileRef = 244D66281F12FE6C00BCB315 /* CsoundVirtualKeyboard.m */; };
		244D666E1F1301A100BCB315 /* CsoundAccelerometerBinding.m in Sources */ = {isa = PBXBuildFile; fileRef = 244D66301F1301A100BCB315 /* CsoundAccelerometerBinding.m */; };
		244D666F1F1301A100BCB315 /* CsoundAttitudeBinding.m in Sources */ = {isa = PBXBuildFile; fileRef = 244D66321F1301A100BCB315 /* CsoundAttitudeBinding.m */; };
		244D66701F1301A100BCB315 /* CsoundGyroscopeBinding.m in Sources */ = {isa = PBXBuildFile; fileRef = 244D66341F1301A100BCB315 /* CsoundGyroscopeBinding.m */; };
		244D66711F1301A100BCB315 /* CsoundMotion.m in Sources */ = {isa = PBXBuildFile; fileRef = 244D66361F1301A100BCB315 /* CsoundMotion.m */; };
		244D66721F1301A100BCB315 /* CsoundButtonBinding.m in Sources */ = {isa = PBXBuildFile; fileRef = 244D66391F1301A100BCB315 /* CsoundButtonBinding.m */; };
		244D66731F1301A100BCB315 /* CsoundLabelBinding.m in Sources */ = {isa = PBXBuildFile; fileRef = 244D663B1F1301A100BCB315 /* CsoundLabelBinding.m */; };
		244D66741F1301A100BCB315 /* CsoundMomentaryButtonBinding.m in Sources */ = {isa = PBXBuildFile; fileRef = 244D663D1F1301A100BCB315 /* CsoundMomentaryButtonBinding.m */; };
		244D66751F1301A100BCB315 /* CsoundSliderBinding.m in Sources */ = {isa = PBXBuildFile; fileRef = 244D663F1F1301A100BCB315 /* CsoundSliderBinding.m */; };
		244D66761F1301A100BCB315 /* CsoundSwitchBinding.m in Sources */ = {isa = PBXBuildFile; fileRef = 244D66411F1301A100BCB315 /* CsoundSwitchBinding.m */; };
		244D66771F1301A100BCB315 /* CsoundUI.m in Sources */ = {isa = PBXBuildFile; fileRef = 244D66431F1301A100BCB315 /* CsoundUI.m */; };
		244D66781F1301A100BCB315 /* CsoundObj.m in Sources */ = {isa = PBXBuildFile; fileRef = 244D66451F1301A100BCB315 /* CsoundObj.m */; };
		244D66791F1301A100BCB315 /* CsoundMIDI.m in Sources */ = {isa = PBXBuildFile; fileRef = 244D66481F1301A100BCB315 /* CsoundMIDI.m */; };
		244D667A1F1301A100BCB315 /* MidiWidgetsManager.m in Sources */ = {isa = PBXBuildFile; fileRef = 244D664A1F1301A100BCB315 /* MidiWidgetsManager.m */; };
		244D667B1F1301A100BCB315 /* SliderMidiWidgetWrapper.m in Sources */ = {isa = PBXBuildFile; fileRef = 244D664D1F1301A100BCB315 /* SliderMidiWidgetWrapper.m */; };
		244D667C1F1301A100BCB315 /* libcsound.a in Frameworks */ = {isa = PBXBuildFile; fileRef = 244D666B1F1301A100BCB315 /* libcsound.a */; };
		244D667D1F1301A100BCB315 /* libsndfile.a in Frameworks */ = {isa = PBXBuildFile; fileRef = 244D666C1F1301A100BCB315 /* libsndfile.a */; };
		244D667E1F1301A100BCB315 /* LICENSE.TXT in Resources */ = {isa = PBXBuildFile; fileRef = 244D666D1F1301A100BCB315 /* LICENSE.TXT */; };
		244D66801F1304E900BCB315 /* csoundSynth.csd in Resources */ = {isa = PBXBuildFile; fileRef = 244D667F1F1304E900BCB315 /* csoundSynth.csd */; };
/* End PBXBuildFile section */

/* Begin PBXFileReference section */
		244D660E1F12FE0800BCB315 /* csoundSynthesizer.app */ = {isa = PBXFileReference; explicitFileType = wrapper.application; includeInIndex = 0; path = csoundSynthesizer.app; sourceTree = BUILT_PRODUCTS_DIR; };
		244D66121F12FE0800BCB315 /* main.m */ = {isa = PBXFileReference; lastKnownFileType = sourcecode.c.objc; path = main.m; sourceTree = "<group>"; };
		244D66141F12FE0800BCB315 /* AppDelegate.h */ = {isa = PBXFileReference; lastKnownFileType = sourcecode.c.h; path = AppDelegate.h; sourceTree = "<group>"; };
		244D66151F12FE0800BCB315 /* AppDelegate.m */ = {isa = PBXFileReference; lastKnownFileType = sourcecode.c.objc; path = AppDelegate.m; sourceTree = "<group>"; };
		244D66171F12FE0800BCB315 /* ViewController.h */ = {isa = PBXFileReference; lastKnownFileType = sourcecode.c.h; path = ViewController.h; sourceTree = "<group>"; };
		244D66181F12FE0800BCB315 /* ViewController.m */ = {isa = PBXFileReference; lastKnownFileType = sourcecode.c.objc; path = ViewController.m; sourceTree = "<group>"; };
		244D661B1F12FE0800BCB315 /* Base */ = {isa = PBXFileReference; lastKnownFileType = file.storyboard; name = Base; path = Base.lproj/Main.storyboard; sourceTree = "<group>"; };
		244D661D1F12FE0800BCB315 /* Assets.xcassets */ = {isa = PBXFileReference; lastKnownFileType = folder.assetcatalog; path = Assets.xcassets; sourceTree = "<group>"; };
		244D66201F12FE0800BCB315 /* Base */ = {isa = PBXFileReference; lastKnownFileType = file.storyboard; name = Base; path = Base.lproj/LaunchScreen.storyboard; sourceTree = "<group>"; };
		244D66221F12FE0800BCB315 /* Info.plist */ = {isa = PBXFileReference; lastKnownFileType = text.plist.xml; path = Info.plist; sourceTree = "<group>"; };
		244D66281F12FE6C00BCB315 /* CsoundVirtualKeyboard.m */ = {isa = PBXFileReference; fileEncoding = 4; lastKnownFileType = sourcecode.c.objc; path = CsoundVirtualKeyboard.m; sourceTree = "<group>"; };
		244D66291F12FE6C00BCB315 /* CsoundVirtualKeyboard.h */ = {isa = PBXFileReference; fileEncoding = 4; lastKnownFileType = sourcecode.c.h; path = CsoundVirtualKeyboard.h; sourceTree = "<group>"; };
		244D662F1F1301A100BCB315 /* CsoundAccelerometerBinding.h */ = {isa = PBXFileReference; fileEncoding = 4; lastKnownFileType = sourcecode.c.h; path = CsoundAccelerometerBinding.h; sourceTree = "<group>"; };
		244D66301F1301A100BCB315 /* CsoundAccelerometerBinding.m */ = {isa = PBXFileReference; fileEncoding = 4; lastKnownFileType = sourcecode.c.objc; path = CsoundAccelerometerBinding.m; sourceTree = "<group>"; };
		244D66311F1301A100BCB315 /* CsoundAttitudeBinding.h */ = {isa = PBXFileReference; fileEncoding = 4; lastKnownFileType = sourcecode.c.h; path = CsoundAttitudeBinding.h; sourceTree = "<group>"; };
		244D66321F1301A100BCB315 /* CsoundAttitudeBinding.m */ = {isa = PBXFileReference; fileEncoding = 4; lastKnownFileType = sourcecode.c.objc; path = CsoundAttitudeBinding.m; sourceTree = "<group>"; };
		244D66331F1301A100BCB315 /* CsoundGyroscopeBinding.h */ = {isa = PBXFileReference; fileEncoding = 4; lastKnownFileType = sourcecode.c.h; path = CsoundGyroscopeBinding.h; sourceTree = "<group>"; };
		244D66341F1301A100BCB315 /* CsoundGyroscopeBinding.m */ = {isa = PBXFileReference; fileEncoding = 4; lastKnownFileType = sourcecode.c.objc; path = CsoundGyroscopeBinding.m; sourceTree = "<group>"; };
		244D66351F1301A100BCB315 /* CsoundMotion.h */ = {isa = PBXFileReference; fileEncoding = 4; lastKnownFileType = sourcecode.c.h; path = CsoundMotion.h; sourceTree = "<group>"; };
		244D66361F1301A100BCB315 /* CsoundMotion.m */ = {isa = PBXFileReference; fileEncoding = 4; lastKnownFileType = sourcecode.c.objc; path = CsoundMotion.m; sourceTree = "<group>"; };
		244D66381F1301A100BCB315 /* CsoundButtonBinding.h */ = {isa = PBXFileReference; fileEncoding = 4; lastKnownFileType = sourcecode.c.h; path = CsoundButtonBinding.h; sourceTree = "<group>"; };
		244D66391F1301A100BCB315 /* CsoundButtonBinding.m */ = {isa = PBXFileReference; fileEncoding = 4; lastKnownFileType = sourcecode.c.objc; path = CsoundButtonBinding.m; sourceTree = "<group>"; };
		244D663A1F1301A100BCB315 /* CsoundLabelBinding.h */ = {isa = PBXFileReference; fileEncoding = 4; lastKnownFileType = sourcecode.c.h; path = CsoundLabelBinding.h; sourceTree = "<group>"; };
		244D663B1F1301A100BCB315 /* CsoundLabelBinding.m */ = {isa = PBXFileReference; fileEncoding = 4; lastKnownFileType = sourcecode.c.objc; path = CsoundLabelBinding.m; sourceTree = "<group>"; };
		244D663C1F1301A100BCB315 /* CsoundMomentaryButtonBinding.h */ = {isa = PBXFileReference; fileEncoding = 4; lastKnownFileType = sourcecode.c.h; path = CsoundMomentaryButtonBinding.h; sourceTree = "<group>"; };
		244D663D1F1301A100BCB315 /* CsoundMomentaryButtonBinding.m */ = {isa = PBXFileReference; fileEncoding = 4; lastKnownFileType = sourcecode.c.objc; path = CsoundMomentaryButtonBinding.m; sourceTree = "<group>"; };
		244D663E1F1301A100BCB315 /* CsoundSliderBinding.h */ = {isa = PBXFileReference; fileEncoding = 4; lastKnownFileType = sourcecode.c.h; path = CsoundSliderBinding.h; sourceTree = "<group>"; };
		244D663F1F1301A100BCB315 /* CsoundSliderBinding.m */ = {isa = PBXFileReference; fileEncoding = 4; lastKnownFileType = sourcecode.c.objc; path = CsoundSliderBinding.m; sourceTree = "<group>"; };
		244D66401F1301A100BCB315 /* CsoundSwitchBinding.h */ = {isa = PBXFileReference; fileEncoding = 4; lastKnownFileType = sourcecode.c.h; path = CsoundSwitchBinding.h; sourceTree = "<group>"; };
		244D66411F1301A100BCB315 /* CsoundSwitchBinding.m */ = {isa = PBXFileReference; fileEncoding = 4; lastKnownFileType = sourcecode.c.objc; path = CsoundSwitchBinding.m; sourceTree = "<group>"; };
		244D66421F1301A100BCB315 /* CsoundUI.h */ = {isa = PBXFileReference; fileEncoding = 4; lastKnownFileType = sourcecode.c.h; path = CsoundUI.h; sourceTree = "<group>"; };
		244D66431F1301A100BCB315 /* CsoundUI.m */ = {isa = PBXFileReference; fileEncoding = 4; lastKnownFileType = sourcecode.c.objc; path = CsoundUI.m; sourceTree = "<group>"; };
		244D66441F1301A100BCB315 /* CsoundObj.h */ = {isa = PBXFileReference; fileEncoding = 4; lastKnownFileType = sourcecode.c.h; path = CsoundObj.h; sourceTree = "<group>"; };
		244D66451F1301A100BCB315 /* CsoundObj.m */ = {isa = PBXFileReference; fileEncoding = 4; lastKnownFileType = sourcecode.c.objc; path = CsoundObj.m; sourceTree = "<group>"; };
		244D66471F1301A100BCB315 /* CsoundMIDI.h */ = {isa = PBXFileReference; fileEncoding = 4; lastKnownFileType = sourcecode.c.h; path = CsoundMIDI.h; sourceTree = "<group>"; };
		244D66481F1301A100BCB315 /* CsoundMIDI.m */ = {isa = PBXFileReference; fileEncoding = 4; lastKnownFileType = sourcecode.c.objc; path = CsoundMIDI.m; sourceTree = "<group>"; };
		244D66491F1301A100BCB315 /* MidiWidgetsManager.h */ = {isa = PBXFileReference; fileEncoding = 4; lastKnownFileType = sourcecode.c.h; path = MidiWidgetsManager.h; sourceTree = "<group>"; };
		244D664A1F1301A100BCB315 /* MidiWidgetsManager.m */ = {isa = PBXFileReference; fileEncoding = 4; lastKnownFileType = sourcecode.c.objc; path = MidiWidgetsManager.m; sourceTree = "<group>"; };
		244D664B1F1301A100BCB315 /* MidiWidgetWrapper.h */ = {isa = PBXFileReference; fileEncoding = 4; lastKnownFileType = sourcecode.c.h; path = MidiWidgetWrapper.h; sourceTree = "<group>"; };
		244D664C1F1301A100BCB315 /* SliderMidiWidgetWrapper.h */ = {isa = PBXFileReference; fileEncoding = 4; lastKnownFileType = sourcecode.c.h; path = SliderMidiWidgetWrapper.h; sourceTree = "<group>"; };
		244D664D1F1301A100BCB315 /* SliderMidiWidgetWrapper.m */ = {isa = PBXFileReference; fileEncoding = 4; lastKnownFileType = sourcecode.c.objc; path = SliderMidiWidgetWrapper.m; sourceTree = "<group>"; };
		244D664F1F1301A100BCB315 /* cfgvar.h */ = {isa = PBXFileReference; fileEncoding = 4; lastKnownFileType = sourcecode.c.h; path = cfgvar.h; sourceTree = "<group>"; };
		244D66501F1301A100BCB315 /* CppSound.hpp */ = {isa = PBXFileReference; fileEncoding = 4; lastKnownFileType = sourcecode.cpp.h; path = CppSound.hpp; sourceTree = "<group>"; };
		244D66511F1301A100BCB315 /* cs_par_structs.h */ = {isa = PBXFileReference; fileEncoding = 4; lastKnownFileType = sourcecode.c.h; path = cs_par_structs.h; sourceTree = "<group>"; };
		244D66521F1301A100BCB315 /* cscore.h */ = {isa = PBXFileReference; fileEncoding = 4; lastKnownFileType = sourcecode.c.h; path = cscore.h; sourceTree = "<group>"; };
		244D66531F1301A100BCB315 /* csdebug.h */ = {isa = PBXFileReference; fileEncoding = 4; lastKnownFileType = sourcecode.c.h; path = csdebug.h; sourceTree = "<group>"; };
		244D66541F1301A100BCB315 /* csdl.h */ = {isa = PBXFileReference; fileEncoding = 4; lastKnownFileType = sourcecode.c.h; path = csdl.h; sourceTree = "<group>"; };
		244D66551F1301A100BCB315 /* csound.h */ = {isa = PBXFileReference; fileEncoding = 4; lastKnownFileType = sourcecode.c.h; path = csound.h; sourceTree = "<group>"; };
		244D66561F1301A100BCB315 /* csound.hpp */ = {isa = PBXFileReference; fileEncoding = 4; lastKnownFileType = sourcecode.cpp.h; path = csound.hpp; sourceTree = "<group>"; };
		244D66571F1301A100BCB315 /* csound_data_structures.h */ = {isa = PBXFileReference; fileEncoding = 4; lastKnownFileType = sourcecode.c.h; path = csound_data_structures.h; sourceTree = "<group>"; };
		244D66581F1301A100BCB315 /* csound_standard_types.h */ = {isa = PBXFileReference; fileEncoding = 4; lastKnownFileType = sourcecode.c.h; path = csound_standard_types.h; sourceTree = "<group>"; };
		244D66591F1301A100BCB315 /* csound_type_system.h */ = {isa = PBXFileReference; fileEncoding = 4; lastKnownFileType = sourcecode.c.h; path = csound_type_system.h; sourceTree = "<group>"; };
		244D665A1F1301A100BCB315 /* csoundCore.h */ = {isa = PBXFileReference; fileEncoding = 4; lastKnownFileType = sourcecode.c.h; path = csoundCore.h; sourceTree = "<group>"; };
		244D665B1F1301A100BCB315 /* CsoundFile.hpp */ = {isa = PBXFileReference; fileEncoding = 4; lastKnownFileType = sourcecode.cpp.h; path = CsoundFile.hpp; sourceTree = "<group>"; };
		244D665C1F1301A100BCB315 /* cwindow.h */ = {isa = PBXFileReference; fileEncoding = 4; lastKnownFileType = sourcecode.c.h; path = cwindow.h; sourceTree = "<group>"; };
		244D665D1F1301A100BCB315 /* filebuilding.h */ = {isa = PBXFileReference; fileEncoding = 4; lastKnownFileType = sourcecode.c.h; path = filebuilding.h; sourceTree = "<group>"; };
		244D665E1F1301A100BCB315 /* float-version.h */ = {isa = PBXFileReference; fileEncoding = 4; lastKnownFileType = sourcecode.c.h; path = "float-version.h"; sourceTree = "<group>"; };
		244D665F1F1301A100BCB315 /* interlocks.h */ = {isa = PBXFileReference; fileEncoding = 4; lastKnownFileType = sourcecode.c.h; path = interlocks.h; sourceTree = "<group>"; };
		244D66601F1301A100BCB315 /* msg_attr.h */ = {isa = PBXFileReference; fileEncoding = 4; lastKnownFileType = sourcecode.c.h; path = msg_attr.h; sourceTree = "<group>"; };
		244D66611F1301A100BCB315 /* OpcodeBase.hpp */ = {isa = PBXFileReference; fileEncoding = 4; lastKnownFileType = sourcecode.cpp.h; path = OpcodeBase.hpp; sourceTree = "<group>"; };
		244D66621F1301A100BCB315 /* pools.h */ = {isa = PBXFileReference; fileEncoding = 4; lastKnownFileType = sourcecode.c.h; path = pools.h; sourceTree = "<group>"; };
		244D66631F1301A100BCB315 /* pstream.h */ = {isa = PBXFileReference; fileEncoding = 4; lastKnownFileType = sourcecode.c.h; path = pstream.h; sourceTree = "<group>"; };
		244D66641F1301A100BCB315 /* pvfileio.h */ = {isa = PBXFileReference; fileEncoding = 4; lastKnownFileType = sourcecode.c.h; path = pvfileio.h; sourceTree = "<group>"; };
		244D66651F1301A100BCB315 /* soundio.h */ = {isa = PBXFileReference; fileEncoding = 4; lastKnownFileType = sourcecode.c.h; path = soundio.h; sourceTree = "<group>"; };
		244D66661F1301A100BCB315 /* sysdep.h */ = {isa = PBXFileReference; fileEncoding = 4; lastKnownFileType = sourcecode.c.h; path = sysdep.h; sourceTree = "<group>"; };
		244D66671F1301A100BCB315 /* text.h */ = {isa = PBXFileReference; fileEncoding = 4; lastKnownFileType = sourcecode.c.h; path = text.h; sourceTree = "<group>"; };
		244D66681F1301A100BCB315 /* ugen.h */ = {isa = PBXFileReference; fileEncoding = 4; lastKnownFileType = sourcecode.c.h; path = ugen.h; sourceTree = "<group>"; };
		244D66691F1301A100BCB315 /* version.h */ = {isa = PBXFileReference; fileEncoding = 4; lastKnownFileType = sourcecode.c.h; path = version.h; sourceTree = "<group>"; };
		244D666B1F1301A100BCB315 /* libcsound.a */ = {isa = PBXFileReference; lastKnownFileType = archive.ar; path = libcsound.a; sourceTree = "<group>"; };
		244D666C1F1301A100BCB315 /* libsndfile.a */ = {isa = PBXFileReference; lastKnownFileType = archive.ar; path = libsndfile.a; sourceTree = "<group>"; };
		244D666D1F1301A100BCB315 /* LICENSE.TXT */ = {isa = PBXFileReference; fileEncoding = 4; lastKnownFileType = text; path = LICENSE.TXT; sourceTree = "<group>"; };
		244D667F1F1304E900BCB315 /* csoundSynth.csd */ = {isa = PBXFileReference; fileEncoding = 4; lastKnownFileType = text; path = csoundSynth.csd; sourceTree = "<group>"; };
/* End PBXFileReference section */

/* Begin PBXFrameworksBuildPhase section */
		244D660B1F12FE0800BCB315 /* Frameworks */ = {
			isa = PBXFrameworksBuildPhase;
			buildActionMask = 2147483647;
			files = (
				244D667C1F1301A100BCB315 /* libcsound.a in Frameworks */,
				244D667D1F1301A100BCB315 /* libsndfile.a in Frameworks */,
			);
			runOnlyForDeploymentPostprocessing = 0;
		};
/* End PBXFrameworksBuildPhase section */

/* Begin PBXGroup section */
		244D66051F12FE0800BCB315 = {
			isa = PBXGroup;
			children = (
				244D66101F12FE0800BCB315 /* csoundSynthesizer */,
				244D660F1F12FE0800BCB315 /* Products */,
			);
			sourceTree = "<group>";
		};
		244D660F1F12FE0800BCB315 /* Products */ = {
			isa = PBXGroup;
			children = (
				244D660E1F12FE0800BCB315 /* csoundSynthesizer.app */,
			);
			name = Products;
			sourceTree = "<group>";
		};
		244D66101F12FE0800BCB315 /* csoundSynthesizer */ = {
			isa = PBXGroup;
			children = (
				244D662B1F1301A100BCB315 /* csound-iOS */,
				244D66141F12FE0800BCB315 /* AppDelegate.h */,
				244D66151F12FE0800BCB315 /* AppDelegate.m */,
				244D66171F12FE0800BCB315 /* ViewController.h */,
				244D66181F12FE0800BCB315 /* ViewController.m */,
				244D66281F12FE6C00BCB315 /* CsoundVirtualKeyboard.m */,
				244D66291F12FE6C00BCB315 /* CsoundVirtualKeyboard.h */,
				244D667F1F1304E900BCB315 /* csoundSynth.csd */,
				244D661A1F12FE0800BCB315 /* Main.storyboard */,
				244D661D1F12FE0800BCB315 /* Assets.xcassets */,
				244D661F1F12FE0800BCB315 /* LaunchScreen.storyboard */,
				244D66221F12FE0800BCB315 /* Info.plist */,
				244D66111F12FE0800BCB315 /* Supporting Files */,
			);
			path = csoundSynthesizer;
			sourceTree = "<group>";
		};
		244D66111F12FE0800BCB315 /* Supporting Files */ = {
			isa = PBXGroup;
			children = (
				244D66121F12FE0800BCB315 /* main.m */,
			);
			name = "Supporting Files";
			sourceTree = "<group>";
		};
		244D662B1F1301A100BCB315 /* csound-iOS */ = {
			isa = PBXGroup;
			children = (
				244D662C1F1301A100BCB315 /* classes */,
				244D664E1F1301A100BCB315 /* headers */,
				244D666A1F1301A100BCB315 /* libs */,
				244D666D1F1301A100BCB315 /* LICENSE.TXT */,
			);
			path = "csound-iOS";
			sourceTree = "<group>";
		};
		244D662C1F1301A100BCB315 /* classes */ = {
			isa = PBXGroup;
			children = (
				244D662D1F1301A100BCB315 /* bindings */,
				244D66441F1301A100BCB315 /* CsoundObj.h */,
				244D66451F1301A100BCB315 /* CsoundObj.m */,
				244D66461F1301A100BCB315 /* midi */,
			);
			path = classes;
			sourceTree = "<group>";
		};
		244D662D1F1301A100BCB315 /* bindings */ = {
			isa = PBXGroup;
			children = (
				244D662E1F1301A100BCB315 /* motion */,
				244D66371F1301A100BCB315 /* ui */,
			);
			path = bindings;
			sourceTree = "<group>";
		};
		244D662E1F1301A100BCB315 /* motion */ = {
			isa = PBXGroup;
			children = (
				244D662F1F1301A100BCB315 /* CsoundAccelerometerBinding.h */,
				244D66301F1301A100BCB315 /* CsoundAccelerometerBinding.m */,
				244D66311F1301A100BCB315 /* CsoundAttitudeBinding.h */,
				244D66321F1301A100BCB315 /* CsoundAttitudeBinding.m */,
				244D66331F1301A100BCB315 /* CsoundGyroscopeBinding.h */,
				244D66341F1301A100BCB315 /* CsoundGyroscopeBinding.m */,
				244D66351F1301A100BCB315 /* CsoundMotion.h */,
				244D66361F1301A100BCB315 /* CsoundMotion.m */,
			);
			path = motion;
			sourceTree = "<group>";
		};
		244D66371F1301A100BCB315 /* ui */ = {
			isa = PBXGroup;
			children = (
				244D66381F1301A100BCB315 /* CsoundButtonBinding.h */,
				244D66391F1301A100BCB315 /* CsoundButtonBinding.m */,
				244D663A1F1301A100BCB315 /* CsoundLabelBinding.h */,
				244D663B1F1301A100BCB315 /* CsoundLabelBinding.m */,
				244D663C1F1301A100BCB315 /* CsoundMomentaryButtonBinding.h */,
				244D663D1F1301A100BCB315 /* CsoundMomentaryButtonBinding.m */,
				244D663E1F1301A100BCB315 /* CsoundSliderBinding.h */,
				244D663F1F1301A100BCB315 /* CsoundSliderBinding.m */,
				244D66401F1301A100BCB315 /* CsoundSwitchBinding.h */,
				244D66411F1301A100BCB315 /* CsoundSwitchBinding.m */,
				244D66421F1301A100BCB315 /* CsoundUI.h */,
				244D66431F1301A100BCB315 /* CsoundUI.m */,
			);
			path = ui;
			sourceTree = "<group>";
		};
		244D66461F1301A100BCB315 /* midi */ = {
			isa = PBXGroup;
			children = (
				244D66471F1301A100BCB315 /* CsoundMIDI.h */,
				244D66481F1301A100BCB315 /* CsoundMIDI.m */,
				244D66491F1301A100BCB315 /* MidiWidgetsManager.h */,
				244D664A1F1301A100BCB315 /* MidiWidgetsManager.m */,
				244D664B1F1301A100BCB315 /* MidiWidgetWrapper.h */,
				244D664C1F1301A100BCB315 /* SliderMidiWidgetWrapper.h */,
				244D664D1F1301A100BCB315 /* SliderMidiWidgetWrapper.m */,
			);
			path = midi;
			sourceTree = "<group>";
		};
		244D664E1F1301A100BCB315 /* headers */ = {
			isa = PBXGroup;
			children = (
				244D664F1F1301A100BCB315 /* cfgvar.h */,
				244D66501F1301A100BCB315 /* CppSound.hpp */,
				244D66511F1301A100BCB315 /* cs_par_structs.h */,
				244D66521F1301A100BCB315 /* cscore.h */,
				244D66531F1301A100BCB315 /* csdebug.h */,
				244D66541F1301A100BCB315 /* csdl.h */,
				244D66551F1301A100BCB315 /* csound.h */,
				244D66561F1301A100BCB315 /* csound.hpp */,
				244D66571F1301A100BCB315 /* csound_data_structures.h */,
				244D66581F1301A100BCB315 /* csound_standard_types.h */,
				244D66591F1301A100BCB315 /* csound_type_system.h */,
				244D665A1F1301A100BCB315 /* csoundCore.h */,
				244D665B1F1301A100BCB315 /* CsoundFile.hpp */,
				244D665C1F1301A100BCB315 /* cwindow.h */,
				244D665D1F1301A100BCB315 /* filebuilding.h */,
				244D665E1F1301A100BCB315 /* float-version.h */,
				244D665F1F1301A100BCB315 /* interlocks.h */,
				244D66601F1301A100BCB315 /* msg_attr.h */,
				244D66611F1301A100BCB315 /* OpcodeBase.hpp */,
				244D66621F1301A100BCB315 /* pools.h */,
				244D66631F1301A100BCB315 /* pstream.h */,
				244D66641F1301A100BCB315 /* pvfileio.h */,
				244D66651F1301A100BCB315 /* soundio.h */,
				244D66661F1301A100BCB315 /* sysdep.h */,
				244D66671F1301A100BCB315 /* text.h */,
				244D66681F1301A100BCB315 /* ugen.h */,
				244D66691F1301A100BCB315 /* version.h */,
			);
			path = headers;
			sourceTree = "<group>";
		};
		244D666A1F1301A100BCB315 /* libs */ = {
			isa = PBXGroup;
			children = (
				244D666B1F1301A100BCB315 /* libcsound.a */,
				244D666C1F1301A100BCB315 /* libsndfile.a */,
			);
			path = libs;
			sourceTree = "<group>";
		};
/* End PBXGroup section */

/* Begin PBXNativeTarget section */
		244D660D1F12FE0800BCB315 /* csoundSynthesizer */ = {
			isa = PBXNativeTarget;
			buildConfigurationList = 244D66251F12FE0800BCB315 /* Build configuration list for PBXNativeTarget "csoundSynthesizer" */;
			buildPhases = (
				244D660A1F12FE0800BCB315 /* Sources */,
				244D660B1F12FE0800BCB315 /* Frameworks */,
				244D660C1F12FE0800BCB315 /* Resources */,
			);
			buildRules = (
			);
			dependencies = (
			);
			name = csoundSynthesizer;
			productName = csoundSynthesizer;
			productReference = 244D660E1F12FE0800BCB315 /* csoundSynthesizer.app */;
			productType = "com.apple.product-type.application";
		};
/* End PBXNativeTarget section */

/* Begin PBXProject section */
		244D66061F12FE0800BCB315 /* Project object */ = {
			isa = PBXProject;
			attributes = {
				LastUpgradeCheck = 0830;
				ORGANIZATIONNAME = "Nikhil Singh";
				TargetAttributes = {
					244D660D1F12FE0800BCB315 = {
						CreatedOnToolsVersion = 8.3.3;
						DevelopmentTeam = AH2WVU4222;
						ProvisioningStyle = Automatic;
					};
				};
			};
			buildConfigurationList = 244D66091F12FE0800BCB315 /* Build configuration list for PBXProject "csoundSynthesizer" */;
			compatibilityVersion = "Xcode 3.2";
			developmentRegion = English;
			hasScannedForEncodings = 0;
			knownRegions = (
				en,
				Base,
			);
			mainGroup = 244D66051F12FE0800BCB315;
			productRefGroup = 244D660F1F12FE0800BCB315 /* Products */;
			projectDirPath = "";
			projectRoot = "";
			targets = (
				244D660D1F12FE0800BCB315 /* csoundSynthesizer */,
			);
		};
/* End PBXProject section */

/* Begin PBXResourcesBuildPhase section */
		244D660C1F12FE0800BCB315 /* Resources */ = {
			isa = PBXResourcesBuildPhase;
			buildActionMask = 2147483647;
			files = (
				244D667E1F1301A100BCB315 /* LICENSE.TXT in Resources */,
				244D66801F1304E900BCB315 /* csoundSynth.csd in Resources */,
				244D66211F12FE0800BCB315 /* LaunchScreen.storyboard in Resources */,
				244D661E1F12FE0800BCB315 /* Assets.xcassets in Resources */,
				244D661C1F12FE0800BCB315 /* Main.storyboard in Resources */,
			);
			runOnlyForDeploymentPostprocessing = 0;
		};
/* End PBXResourcesBuildPhase section */

/* Begin PBXSourcesBuildPhase section */
		244D660A1F12FE0800BCB315 /* Sources */ = {
			isa = PBXSourcesBuildPhase;
			buildActionMask = 2147483647;
			files = (
				244D667A1F1301A100BCB315 /* MidiWidgetsManager.m in Sources */,
				244D66191F12FE0800BCB315 /* ViewController.m in Sources */,
				244D66781F1301A100BCB315 /* CsoundObj.m in Sources */,
				244D666F1F1301A100BCB315 /* CsoundAttitudeBinding.m in Sources */,
				244D66741F1301A100BCB315 /* CsoundMomentaryButtonBinding.m in Sources */,
				244D66771F1301A100BCB315 /* CsoundUI.m in Sources */,
				244D66731F1301A100BCB315 /* CsoundLabelBinding.m in Sources */,
				244D66791F1301A100BCB315 /* CsoundMIDI.m in Sources */,
				244D66701F1301A100BCB315 /* CsoundGyroscopeBinding.m in Sources */,
				244D66711F1301A100BCB315 /* CsoundMotion.m in Sources */,
				244D66751F1301A100BCB315 /* CsoundSliderBinding.m in Sources */,
				244D66721F1301A100BCB315 /* CsoundButtonBinding.m in Sources */,
				244D666E1F1301A100BCB315 /* CsoundAccelerometerBinding.m in Sources */,
				244D667B1F1301A100BCB315 /* SliderMidiWidgetWrapper.m in Sources */,
				244D66161F12FE0800BCB315 /* AppDelegate.m in Sources */,
				244D662A1F12FE6C00BCB315 /* CsoundVirtualKeyboard.m in Sources */,
				244D66761F1301A100BCB315 /* CsoundSwitchBinding.m in Sources */,
				244D66131F12FE0800BCB315 /* main.m in Sources */,
			);
			runOnlyForDeploymentPostprocessing = 0;
		};
/* End PBXSourcesBuildPhase section */

/* Begin PBXVariantGroup section */
		244D661A1F12FE0800BCB315 /* Main.storyboard */ = {
			isa = PBXVariantGroup;
			children = (
				244D661B1F12FE0800BCB315 /* Base */,
			);
			name = Main.storyboard;
			sourceTree = "<group>";
		};
		244D661F1F12FE0800BCB315 /* LaunchScreen.storyboard */ = {
			isa = PBXVariantGroup;
			children = (
				244D66201F12FE0800BCB315 /* Base */,
			);
			name = LaunchScreen.storyboard;
			sourceTree = "<group>";
		};
/* End PBXVariantGroup section */

/* Begin XCBuildConfiguration section */
		244D66231F12FE0800BCB315 /* Debug */ = {
			isa = XCBuildConfiguration;
			buildSettings = {
				ALWAYS_SEARCH_USER_PATHS = NO;
				CLANG_ANALYZER_NONNULL = YES;
				CLANG_ANALYZER_NUMBER_OBJECT_CONVERSION = YES_AGGRESSIVE;
				CLANG_CXX_LANGUAGE_STANDARD = "gnu++0x";
				CLANG_CXX_LIBRARY = "libc++";
				CLANG_ENABLE_MODULES = YES;
				CLANG_ENABLE_OBJC_ARC = YES;
				CLANG_WARN_BOOL_CONVERSION = YES;
				CLANG_WARN_CONSTANT_CONVERSION = YES;
				CLANG_WARN_DIRECT_OBJC_ISA_USAGE = YES_ERROR;
				CLANG_WARN_DOCUMENTATION_COMMENTS = YES;
				CLANG_WARN_EMPTY_BODY = YES;
				CLANG_WARN_ENUM_CONVERSION = YES;
				CLANG_WARN_INFINITE_RECURSION = YES;
				CLANG_WARN_INT_CONVERSION = YES;
				CLANG_WARN_OBJC_ROOT_CLASS = YES_ERROR;
				CLANG_WARN_SUSPICIOUS_MOVE = YES;
				CLANG_WARN_UNREACHABLE_CODE = YES;
				CLANG_WARN__DUPLICATE_METHOD_MATCH = YES;
				"CODE_SIGN_IDENTITY[sdk=iphoneos*]" = "iPhone Developer";
				COPY_PHASE_STRIP = NO;
				DEBUG_INFORMATION_FORMAT = dwarf;
				ENABLE_STRICT_OBJC_MSGSEND = YES;
				ENABLE_TESTABILITY = YES;
				GCC_C_LANGUAGE_STANDARD = gnu99;
				GCC_DYNAMIC_NO_PIC = NO;
				GCC_NO_COMMON_BLOCKS = YES;
				GCC_OPTIMIZATION_LEVEL = 0;
				GCC_PREPROCESSOR_DEFINITIONS = (
					"DEBUG=1",
					"$(inherited)",
				);
				GCC_WARN_64_TO_32_BIT_CONVERSION = YES;
				GCC_WARN_ABOUT_RETURN_TYPE = YES_ERROR;
				GCC_WARN_UNDECLARED_SELECTOR = YES;
				GCC_WARN_UNINITIALIZED_AUTOS = YES_AGGRESSIVE;
				GCC_WARN_UNUSED_FUNCTION = YES;
				GCC_WARN_UNUSED_VARIABLE = YES;
				IPHONEOS_DEPLOYMENT_TARGET = 10.3;
				MTL_ENABLE_DEBUG_INFO = YES;
				ONLY_ACTIVE_ARCH = YES;
				SDKROOT = iphoneos;
				TARGETED_DEVICE_FAMILY = "1,2";
			};
			name = Debug;
		};
		244D66241F12FE0800BCB315 /* Release */ = {
			isa = XCBuildConfiguration;
			buildSettings = {
				ALWAYS_SEARCH_USER_PATHS = NO;
				CLANG_ANALYZER_NONNULL = YES;
				CLANG_ANALYZER_NUMBER_OBJECT_CONVERSION = YES_AGGRESSIVE;
				CLANG_CXX_LANGUAGE_STANDARD = "gnu++0x";
				CLANG_CXX_LIBRARY = "libc++";
				CLANG_ENABLE_MODULES = YES;
				CLANG_ENABLE_OBJC_ARC = YES;
				CLANG_WARN_BOOL_CONVERSION = YES;
				CLANG_WARN_CONSTANT_CONVERSION = YES;
				CLANG_WARN_DIRECT_OBJC_ISA_USAGE = YES_ERROR;
				CLANG_WARN_DOCUMENTATION_COMMENTS = YES;
				CLANG_WARN_EMPTY_BODY = YES;
				CLANG_WARN_ENUM_CONVERSION = YES;
				CLANG_WARN_INFINITE_RECURSION = YES;
				CLANG_WARN_INT_CONVERSION = YES;
				CLANG_WARN_OBJC_ROOT_CLASS = YES_ERROR;
				CLANG_WARN_SUSPICIOUS_MOVE = YES;
				CLANG_WARN_UNREACHABLE_CODE = YES;
				CLANG_WARN__DUPLICATE_METHOD_MATCH = YES;
				"CODE_SIGN_IDENTITY[sdk=iphoneos*]" = "iPhone Developer";
				COPY_PHASE_STRIP = NO;
				DEBUG_INFORMATION_FORMAT = "dwarf-with-dsym";
				ENABLE_NS_ASSERTIONS = NO;
				ENABLE_STRICT_OBJC_MSGSEND = YES;
				GCC_C_LANGUAGE_STANDARD = gnu99;
				GCC_NO_COMMON_BLOCKS = YES;
				GCC_WARN_64_TO_32_BIT_CONVERSION = YES;
				GCC_WARN_ABOUT_RETURN_TYPE = YES_ERROR;
				GCC_WARN_UNDECLARED_SELECTOR = YES;
				GCC_WARN_UNINITIALIZED_AUTOS = YES_AGGRESSIVE;
				GCC_WARN_UNUSED_FUNCTION = YES;
				GCC_WARN_UNUSED_VARIABLE = YES;
				IPHONEOS_DEPLOYMENT_TARGET = 10.3;
				MTL_ENABLE_DEBUG_INFO = NO;
				SDKROOT = iphoneos;
				TARGETED_DEVICE_FAMILY = "1,2";
				VALIDATE_PRODUCT = YES;
			};
			name = Release;
		};
		244D66261F12FE0800BCB315 /* Debug */ = {
			isa = XCBuildConfiguration;
			buildSettings = {
				ASSETCATALOG_COMPILER_APPICON_NAME = AppIcon;
				DEVELOPMENT_TEAM = AH2WVU4222;
				ENABLE_BITCODE = NO;
				INFOPLIST_FILE = csoundSynthesizer/Info.plist;
				LD_RUNPATH_SEARCH_PATHS = "$(inherited) @executable_path/Frameworks";
				LIBRARY_SEARCH_PATHS = (
					"$(inherited)",
					"$(PROJECT_DIR)/csoundSynthesizer/csound-iOS/libs",
				);
				PRODUCT_BUNDLE_IDENTIFIER = com.csound.csoundSynthesizer;
				PRODUCT_NAME = "$(TARGET_NAME)";
				TARGETED_DEVICE_FAMILY = 2;
			};
			name = Debug;
		};
		244D66271F12FE0800BCB315 /* Release */ = {
			isa = XCBuildConfiguration;
			buildSettings = {
				ASSETCATALOG_COMPILER_APPICON_NAME = AppIcon;
				DEVELOPMENT_TEAM = AH2WVU4222;
				ENABLE_BITCODE = NO;
				INFOPLIST_FILE = csoundSynthesizer/Info.plist;
				LD_RUNPATH_SEARCH_PATHS = "$(inherited) @executable_path/Frameworks";
				LIBRARY_SEARCH_PATHS = (
					"$(inherited)",
					"$(PROJECT_DIR)/csoundSynthesizer/csound-iOS/libs",
				);
				PRODUCT_BUNDLE_IDENTIFIER = com.csound.csoundSynthesizer;
				PRODUCT_NAME = "$(TARGET_NAME)";
				TARGETED_DEVICE_FAMILY = 2;
			};
			name = Release;
		};
/* End XCBuildConfiguration section */

/* Begin XCConfigurationList section */
		244D66091F12FE0800BCB315 /* Build configuration list for PBXProject "csoundSynthesizer" */ = {
			isa = XCConfigurationList;
			buildConfigurations = (
				244D66231F12FE0800BCB315 /* Debug */,
				244D66241F12FE0800BCB315 /* Release */,
			);
			defaultConfigurationIsVisible = 0;
			defaultConfigurationName = Release;
		};
		244D66251F12FE0800BCB315 /* Build configuration list for PBXNativeTarget "csoundSynthesizer" */ = {
			isa = XCConfigurationList;
			buildConfigurations = (
				244D66261F12FE0800BCB315 /* Debug */,
				244D66271F12FE0800BCB315 /* Release */,
			);
			defaultConfigurationIsVisible = 0;
			defaultConfigurationName = Release;
		};
/* End XCConfigurationList section */
	};
	rootObject = 244D66061F12FE0800BCB315 /* Project object */;
}
